<?xml version="1.0" encoding="utf-8"?>
<Project ToolsVersion="4.0" xmlns="http://schemas.microsoft.com/developer/msbuild/2003">
  <ItemGroup>
    <Filter Include="headers">
      <UniqueIdentifier>{93995380-89BD-4b04-88EB-625FBE52EBFB}</UniqueIdentifier>
      <Extensions>h;hh;hpp;hxx;hm;inl;inc;xsd</Extensions>
    </Filter>
    <Filter Include="sources">
      <UniqueIdentifier>{4FC737F1-C7A5-4376-A066-2A32D752A2FF}</UniqueIdentifier>
      <Extensions>cpp;c;cc;cxx;def;odl;idl;hpj;bat;asm;asmx</Extensions>
    </Filter>
  </ItemGroup>
  <ItemGroup>
    <ClInclude Include="include\camera.h">
      <Filter>headers</Filter>
    </ClInclude>
    <ClInclude Include="include\debug.h">
      <Filter>headers</Filter>
    </ClInclude>
    <ClInclude Include="include\defs.h">
      <Filter>headers</Filter>
    </ClInclude>
    <ClInclude Include="include\loader.h">
      <Filter>headers</Filter>
    </ClInclude>
    <ClInclude Include="include\shader.h">
      <Filter>headers</Filter>
    </ClInclude>
    <ClInclude Include="include\skybox.h">
      <Filter>headers</Filter>
    </ClInclude>
    <ClInclude Include="include\texture.h">
      <Filter>headers</Filter>
    </ClInclude>
    <ClInclude Include="include\utilities.h">
      <Filter>headers</Filter>
    </ClInclude>
    <ClInclude Include="include\environment.h">
      <Filter>headers</Filter>
    </ClInclude>
    <ClInclude Include="include\scene.h">
      <Filter>headers</Filter>
    </ClInclude>
    <ClInclude Include="include\object.h">
      <Filter>headers</Filter>
    </ClInclude>
    <ClInclude Include="include\renderstate.h">
      <Filter>headers</Filter>
    </ClInclude>
    <ClInclude Include="include\rendertarget.h">
      <Filter>headers</Filter>
    </ClInclude>
    <ClInclude Include="include\sprite.h">
      <Filter>headers</Filter>
    </ClInclude>
    <ClInclude Include="include\ptrtable.h">
      <Filter>headers</Filter>
    </ClInclude>
    <ClInclude Include="include\world.h">
      <Filter>headers</Filter>
    </ClInclude>
    <ClInclude Include="include\material.h">
      <Filter>headers</Filter>
    </ClInclude>
    <ClInclude Include="include\renderer.h">
      <Filter>headers</Filter>
    </ClInclude>
    <ClInclude Include="include\surface.h">
      <Filter>headers</Filter>
    </ClInclude>
  </ItemGroup>
  <ItemGroup>
    <ClCompile Include="src\camera.cpp">
      <Filter>sources</Filter>
    </ClCompile>
    <ClCompile Include="src\debug.cpp">
      <Filter>sources</Filter>
    </ClCompile>
    <ClCompile Include="src\loader.cpp">
      <Filter>sources</Filter>
    </ClCompile>
    <ClCompile Include="src\shader.cpp">
      <Filter>sources</Filter>
    </ClCompile>
    <ClCompile Include="src\skybox.cpp">
      <Filter>sources</Filter>
    </ClCompile>
    <ClCompile Include="src\texture.cpp">
      <Filter>sources</Filter>
    </ClCompile>
    <ClCompile Include="src\utilities.cpp">
      <Filter>sources</Filter>
    </ClCompile>
    <ClCompile Include="src\environment.cpp">
      <Filter>sources</Filter>
    </ClCompile>
    <ClCompile Include="src\object.cpp">
      <Filter>sources</Filter>
    </ClCompile>
    <ClCompile Include="src\rendertarget.cpp">
      <Filter>sources</Filter>
    </ClCompile>
    <ClCompile Include="src\sprite.cpp">
      <Filter>sources</Filter>
    </ClCompile>
    <ClCompile Include="src\surface.cpp">
      <Filter>sources</Filter>
    </ClCompile>
  </ItemGroup>
</Project>