<?xml version="1.0" encoding="utf-8"?>
<Project ToolsVersion="4.0" xmlns="http://schemas.microsoft.com/developer/msbuild/2003">
  <ItemGroup>
    <Filter Include="Resource Files">
      <UniqueIdentifier>{D9D6E242-F8AF-46E4-B9FD-80ECBC20BA3E}</UniqueIdentifier>
      <Extensions>qrc;*</Extensions>
      <ParseFiles>false</ParseFiles>
    </Filter>
    <Filter Include="Form Files">
      <UniqueIdentifier>{99349809-55BA-4b9d-BF79-8FDBB0286EB3}</UniqueIdentifier>
      <Extensions>ui</Extensions>
    </Filter>
    <Filter Include="Resource Files">
      <UniqueIdentifier>{D9D6E242-F8AF-46E4-B9FD-80ECBC20BA3E}</UniqueIdentifier>
      <Extensions>qrc;*</Extensions>
      <ParseFiles>false</ParseFiles>
    </Filter>
    <Filter Include="Generated Files">
      <UniqueIdentifier>{71ED8ED8-ACB9-4CE9-BBE1-E00B30144E11}</UniqueIdentifier>
      <Extensions>moc;h;cpp</Extensions>
      <SourceControlFiles>False</SourceControlFiles>
    </Filter>
    <Filter Include="Generated Files\Debug">
      <UniqueIdentifier>{1a4880e0-4273-40fd-8823-4ab4ec0968b5}</UniqueIdentifier>
      <Extensions>cpp;moc</Extensions>
      <SourceControlFiles>False</SourceControlFiles>
    </Filter>
    <Filter Include="Generated Files\Release">
      <UniqueIdentifier>{ad86c0ef-1c78-47f9-880e-3b4ad39c409a}</UniqueIdentifier>
      <Extensions>cpp;moc</Extensions>
      <SourceControlFiles>False</SourceControlFiles>
    </Filter>
    <Filter Include="Translation Files">
      <UniqueIdentifier>{639EADAA-A684-42e4-A9AD-28FC9BCB8F7C}</UniqueIdentifier>
      <Extensions>ts</Extensions>
      <ParseFiles>false</ParseFiles>
    </Filter>
    <Filter Include="headers">
      <UniqueIdentifier>{93995380-89BD-4b04-88EB-625FBE52EBFB}</UniqueIdentifier>
      <Extensions>h;hh;hpp;hxx;hm;inl;inc;xsd</Extensions>
    </Filter>
    <Filter Include="sources">
      <UniqueIdentifier>{4FC737F1-C7A5-4376-A066-2A32D752A2FF}</UniqueIdentifier>
      <Extensions>cpp;c;cc;cxx;def;odl;idl;hpj;bat;asm;asmx</Extensions>
    </Filter>
  </ItemGroup>
  <ItemGroup>
    <ClCompile Include="main.cpp">
      <Filter>sources</Filter>
    </ClCompile>
    <ClCompile Include="Tools.cpp">
      <Filter>sources</Filter>
    </ClCompile>
    <ClCompile Include="GeneratedFiles\Debug\moc_Tools.cpp">
      <Filter>Generated Files\Debug</Filter>
    </ClCompile>
    <ClCompile Include="GeneratedFiles\Release\moc_Tools.cpp">
      <Filter>Generated Files\Release</Filter>
    </ClCompile>
    <ClCompile Include="GeneratedFiles\qrc_Tools.cpp">
      <Filter>Generated Files</Filter>
    </ClCompile>
    <ClCompile Include="USBTools.cpp">
      <Filter>sources</Filter>
    </ClCompile>
    <ClCompile Include="GeneratedFiles\Debug\moc_USBTools.cpp">
      <Filter>Generated Files\Debug</Filter>
    </ClCompile>
    <ClCompile Include="GeneratedFiles\Release\moc_USBTools.cpp">
      <Filter>Generated Files\Release</Filter>
    </ClCompile>
    <ClCompile Include="GLWidget.cpp">
      <Filter>sources</Filter>
    </ClCompile>
    <ClCompile Include="GeneratedFiles\Debug\moc_GLWidget.cpp">
      <Filter>Generated Files\Debug</Filter>
    </ClCompile>
    <ClCompile Include="GeneratedFiles\Release\moc_GLWidget.cpp">
      <Filter>Generated Files\Release</Filter>
    </ClCompile>
    <ClCompile Include="engine\src\camera.cpp">
      <Filter>sources</Filter>
    </ClCompile>
    <ClCompile Include="engine\src\loader.cpp">
      <Filter>sources</Filter>
    </ClCompile>
    <ClCompile Include="engine\src\mesh.cpp">
      <Filter>sources</Filter>
    </ClCompile>
    <ClCompile Include="engine\src\render_target.cpp">
      <Filter>sources</Filter>
    </ClCompile>
    <ClCompile Include="engine\src\shader.cpp">
      <Filter>sources</Filter>
    </ClCompile>
    <ClCompile Include="engine\src\texture.cpp">
      <Filter>sources</Filter>
    </ClCompile>
    <ClCompile Include="engine\src\debug.cpp">
      <Filter>sources</Filter>
    </ClCompile>
    <ClCompile Include="engine\src\mathf.cpp">
      <Filter>sources</Filter>
    </ClCompile>
    <ClCompile Include="engine\src\utilities.cpp">
      <Filter>sources</Filter>
    </ClCompile>
  </ItemGroup>
  <ItemGroup>
    <CustomBuild Include="Tools.h">
      <Filter>headers</Filter>
    </CustomBuild>
    <CustomBuild Include="Tools.ui">
      <Filter>Form Files</Filter>
    </CustomBuild>
    <CustomBuild Include="Tools.qrc">
      <Filter>Resource Files</Filter>
    </CustomBuild>
    <CustomBuild Include="USBTools.h">
      <Filter>headers</Filter>
    </CustomBuild>
    <CustomBuild Include="GLWidget.h">
      <Filter>headers</Filter>
    </CustomBuild>
  </ItemGroup>
  <ItemGroup>
    <ClInclude Include="GeneratedFiles\ui_Tools.h">
      <Filter>Generated Files</Filter>
    </ClInclude>
    <ClInclude Include="Utility.h">
      <Filter>headers</Filter>
    </ClInclude>
    <ClInclude Include="engine\include\camera.h">
      <Filter>headers</Filter>
    </ClInclude>
    <ClInclude Include="engine\include\loader.h">
      <Filter>headers</Filter>
    </ClInclude>
    <ClInclude Include="engine\include\mesh.h">
      <Filter>headers</Filter>
    </ClInclude>
    <ClInclude Include="engine\include\render_state.h">
      <Filter>headers</Filter>
    </ClInclude>
    <ClInclude Include="engine\include\render_target.h">
      <Filter>headers</Filter>
    </ClInclude>
    <ClInclude Include="engine\include\shader.h">
      <Filter>headers</Filter>
    </ClInclude>
    <ClInclude Include="engine\include\texture.h">
      <Filter>headers</Filter>
    </ClInclude>
    <ClInclude Include="engine\include\debug.h">
      <Filter>headers</Filter>
    </ClInclude>
    <ClInclude Include="engine\include\defs.h">
      <Filter>headers</Filter>
    </ClInclude>
    <ClInclude Include="engine\include\mathf.h">
      <Filter>headers</Filter>
    </ClInclude>
    <ClInclude Include="engine\include\ptr_table.h">
      <Filter>headers</Filter>
    </ClInclude>
    <ClInclude Include="engine\include\reference_countable.h">
      <Filter>headers</Filter>
    </ClInclude>
    <ClInclude Include="engine\include\utilities.h">
      <Filter>headers</Filter>
    </ClInclude>
  </ItemGroup>
  <ItemGroup>
    <None Include="Resources\lang\en.ts">
      <Filter>Translation Files</Filter>
    </None>
    <None Include="Resources\lang\zh.ts">
      <Filter>Translation Files</Filter>
    </None>
  </ItemGroup>
</Project>